{
  "requires": true,
  "lockfileVersion": 1,
  "dependencies": {
    "sweetalert2": {
      "version": "9.10.3",
      "resolved": "https://registry.npmjs.org/sweetalert2/-/sweetalert2-9.10.3.tgz",
      "integrity": "sha512-i/lDlar8sSH+/YEQ25NXcs0ASB8Upl4JJqKgFHcDtk62vts2hK6i+iOjyCw02s6feS3Qum+MrOHmZNJPFL/g2g=="
    }
  }
}
